// !$*UTF8*$!
{
	archiveVersion = 1;
	classes = {
	};
	objectVersion = 50;
	objects = {

/* Begin PBXBuildFile section */
		4A2FBDE324DEF020008C666B /* DailyForecastMiscellaneousViews.swift in Sources */ = {isa = PBXBuildFile; fileRef = 4A2FBDE224DEF020008C666B /* DailyForecastMiscellaneousViews.swift */; };
		4A2FBDE524DFD195008C666B /* OWWeatherConditionIcon.swift in Sources */ = {isa = PBXBuildFile; fileRef = 4A2FBDE424DFD195008C666B /* OWWeatherConditionIcon.swift */; };
		4A35B2C824D6AAC300959A4D /* Localizable.strings in Resources */ = {isa = PBXBuildFile; fileRef = 4A35B2CC24D6AAC300959A4D /* Localizable.strings */; };
		4A35B2C924D6AAC300959A4D /* Localizable.strings in Resources */ = {isa = PBXBuildFile; fileRef = 4A35B2CC24D6AAC300959A4D /* Localizable.strings */; };
		4A35B2CA24D6AAC300959A4D /* Localizable.strings in Resources */ = {isa = PBXBuildFile; fileRef = 4A35B2CC24D6AAC300959A4D /* Localizable.strings */; };
		4A35B2CF24D8C09D00959A4D /* DailyForecastRootView.swift in Sources */ = {isa = PBXBuildFile; fileRef = 4A35B2CE24D8C09D00959A4D /* DailyForecastRootView.swift */; };
		4A35B2D124DA142600959A4D /* OWWeatherDataUtils.swift in Sources */ = {isa = PBXBuildFile; fileRef = 4A35B2D024DA142600959A4D /* OWWeatherDataUtils.swift */; };
		4A35B2D324DB656400959A4D /* DailyForecastRootViewDelegate.swift in Sources */ = {isa = PBXBuildFile; fileRef = 4A35B2D224DB656400959A4D /* DailyForecastRootViewDelegate.swift */; };
		4A50170C24D0CF8C00CCB9A7 /* AppDelegate.swift in Sources */ = {isa = PBXBuildFile; fileRef = 4A50170B24D0CF8C00CCB9A7 /* AppDelegate.swift */; };
		4A50170E24D0CF8C00CCB9A7 /* SceneDelegate.swift in Sources */ = {isa = PBXBuildFile; fileRef = 4A50170D24D0CF8C00CCB9A7 /* SceneDelegate.swift */; };
		4A50171024D0CF8C00CCB9A7 /* ContentView.swift in Sources */ = {isa = PBXBuildFile; fileRef = 4A50170F24D0CF8C00CCB9A7 /* ContentView.swift */; };
		4A50171224D0CF8E00CCB9A7 /* Assets.xcassets in Resources */ = {isa = PBXBuildFile; fileRef = 4A50171124D0CF8E00CCB9A7 /* Assets.xcassets */; };
		4A50171524D0CF8E00CCB9A7 /* Preview Assets.xcassets in Resources */ = {isa = PBXBuildFile; fileRef = 4A50171424D0CF8E00CCB9A7 /* Preview Assets.xcassets */; };
		4A50171824D0CF8E00CCB9A7 /* LaunchScreen.storyboard in Resources */ = {isa = PBXBuildFile; fileRef = 4A50171624D0CF8E00CCB9A7 /* LaunchScreen.storyboard */; };
		4A50172324D0CF8E00CCB9A7 /* WeatherForecastTests.swift in Sources */ = {isa = PBXBuildFile; fileRef = 4A50172224D0CF8E00CCB9A7 /* WeatherForecastTests.swift */; };
		4A50172E24D0CF8E00CCB9A7 /* WeatherForecastUITests.swift in Sources */ = {isa = PBXBuildFile; fileRef = 4A50172D24D0CF8E00CCB9A7 /* WeatherForecastUITests.swift */; };
		4A50182B24D59A2D00CCB9A7 /* OWWeatherData.swift in Sources */ = {isa = PBXBuildFile; fileRef = 4A50182A24D59A2D00CCB9A7 /* OWWeatherData.swift */; };
		4A50182E24D59A6E00CCB9A7 /* miyazaki.json in Resources */ = {isa = PBXBuildFile; fileRef = 4A50182D24D59A6E00CCB9A7 /* miyazaki.json */; };
		4A50183024D59A7700CCB9A7 /* OWWeatherDataDecodeTests.swift in Sources */ = {isa = PBXBuildFile; fileRef = 4A50182F24D59A7700CCB9A7 /* OWWeatherDataDecodeTests.swift */; };
		4A50183124D59AA400CCB9A7 /* OWWeatherData.swift in Sources */ = {isa = PBXBuildFile; fileRef = 4A50182A24D59A2D00CCB9A7 /* OWWeatherData.swift */; };
		4A50183524D59D1400CCB9A7 /* DailyForecastRowView.swift in Sources */ = {isa = PBXBuildFile; fileRef = 4A50183424D59D1400CCB9A7 /* DailyForecastRowView.swift */; };
		4A50183724D5A0AB00CCB9A7 /* OWWeatherDataSample.swift in Sources */ = {isa = PBXBuildFile; fileRef = 4A50183624D5A0AB00CCB9A7 /* OWWeatherDataSample.swift */; };
		4A50183B24D6457D00CCB9A7 /* DailyForecastListView.swift in Sources */ = {isa = PBXBuildFile; fileRef = 4A50183A24D6457D00CCB9A7 /* DailyForecastListView.swift */; };
		4A50183D24D6503000CCB9A7 /* DailyForecastDetailView.swift in Sources */ = {isa = PBXBuildFile; fileRef = 4A50183C24D6503000CCB9A7 /* DailyForecastDetailView.swift */; };
		4A50183F24D6525700CCB9A7 /* DailyForecastDetailBodyView.swift in Sources */ = {isa = PBXBuildFile; fileRef = 4A50183E24D6525700CCB9A7 /* DailyForecastDetailBodyView.swift */; };
		4AF7794724E11E7E00A7057B /* miyazaki.json in Resources */ = {isa = PBXBuildFile; fileRef = 4A50182D24D59A6E00CCB9A7 /* miyazaki.json */; };
/* End PBXBuildFile section */

/* Begin PBXContainerItemProxy section */
		4A50171F24D0CF8E00CCB9A7 /* PBXContainerItemProxy */ = {
			isa = PBXContainerItemProxy;
			containerPortal = 4A50170024D0CF8C00CCB9A7 /* Project object */;
			proxyType = 1;
			remoteGlobalIDString = 4A50170724D0CF8C00CCB9A7;
			remoteInfo = WeatherForecast;
		};
		4A50172A24D0CF8E00CCB9A7 /* PBXContainerItemProxy */ = {
			isa = PBXContainerItemProxy;
			containerPortal = 4A50170024D0CF8C00CCB9A7 /* Project object */;
			proxyType = 1;
			remoteGlobalIDString = 4A50170724D0CF8C00CCB9A7;
			remoteInfo = WeatherForecast;
		};
/* End PBXContainerItemProxy section */

/* Begin PBXFileReference section */
		4A2FBDE224DEF020008C666B /* DailyForecastMiscellaneousViews.swift */ = {isa = PBXFileReference; lastKnownFileType = sourcecode.swift; path = DailyForecastMiscellaneousViews.swift; sourceTree = "<group>"; };
		4A2FBDE424DFD195008C666B /* OWWeatherConditionIcon.swift */ = {isa = PBXFileReference; lastKnownFileType = sourcecode.swift; name = OWWeatherConditionIcon.swift; path = WeatherForecast/Data/OWWeatherConditionIcon.swift; sourceTree = SOURCE_ROOT; };
		4A35B2CB24D6AAC300959A4D /* ja */ = {isa = PBXFileReference; fileEncoding = 4; lastKnownFileType = text.plist.strings; name = ja; path = ja.lproj/Localizable.strings; sourceTree = "<group>"; };
		4A35B2CD24D6AAC900959A4D /* en */ = {isa = PBXFileReference; lastKnownFileType = text.plist.strings; name = en; path = en.lproj/Localizable.strings; sourceTree = "<group>"; };
		4A35B2CE24D8C09D00959A4D /* DailyForecastRootView.swift */ = {isa = PBXFileReference; lastKnownFileType = sourcecode.swift; path = DailyForecastRootView.swift; sourceTree = "<group>"; };
		4A35B2D024DA142600959A4D /* OWWeatherDataUtils.swift */ = {isa = PBXFileReference; lastKnownFileType = sourcecode.swift; path = OWWeatherDataUtils.swift; sourceTree = "<group>"; };
		4A35B2D224DB656400959A4D /* DailyForecastRootViewDelegate.swift */ = {isa = PBXFileReference; lastKnownFileType = sourcecode.swift; path = DailyForecastRootViewDelegate.swift; sourceTree = "<group>"; };
		4A50170824D0CF8C00CCB9A7 /* WeatherForecast.app */ = {isa = PBXFileReference; explicitFileType = wrapper.application; includeInIndex = 0; path = WeatherForecast.app; sourceTree = BUILT_PRODUCTS_DIR; };
		4A50170B24D0CF8C00CCB9A7 /* AppDelegate.swift */ = {isa = PBXFileReference; lastKnownFileType = sourcecode.swift; path = AppDelegate.swift; sourceTree = "<group>"; };
		4A50170D24D0CF8C00CCB9A7 /* SceneDelegate.swift */ = {isa = PBXFileReference; lastKnownFileType = sourcecode.swift; path = SceneDelegate.swift; sourceTree = "<group>"; };
		4A50170F24D0CF8C00CCB9A7 /* ContentView.swift */ = {isa = PBXFileReference; lastKnownFileType = sourcecode.swift; path = ContentView.swift; sourceTree = "<group>"; };
		4A50171124D0CF8E00CCB9A7 /* Assets.xcassets */ = {isa = PBXFileReference; lastKnownFileType = folder.assetcatalog; path = Assets.xcassets; sourceTree = "<group>"; };
		4A50171424D0CF8E00CCB9A7 /* Preview Assets.xcassets */ = {isa = PBXFileReference; lastKnownFileType = folder.assetcatalog; path = "Preview Assets.xcassets"; sourceTree = "<group>"; };
		4A50171724D0CF8E00CCB9A7 /* Base */ = {isa = PBXFileReference; lastKnownFileType = file.storyboard; name = Base; path = Base.lproj/LaunchScreen.storyboard; sourceTree = "<group>"; };
		4A50171924D0CF8E00CCB9A7 /* Info.plist */ = {isa = PBXFileReference; lastKnownFileType = text.plist.xml; path = Info.plist; sourceTree = "<group>"; };
		4A50171E24D0CF8E00CCB9A7 /* WeatherForecastTests.xctest */ = {isa = PBXFileReference; explicitFileType = wrapper.cfbundle; includeInIndex = 0; path = WeatherForecastTests.xctest; sourceTree = BUILT_PRODUCTS_DIR; };
		4A50172224D0CF8E00CCB9A7 /* WeatherForecastTests.swift */ = {isa = PBXFileReference; lastKnownFileType = sourcecode.swift; path = WeatherForecastTests.swift; sourceTree = "<group>"; };
		4A50172424D0CF8E00CCB9A7 /* Info.plist */ = {isa = PBXFileReference; lastKnownFileType = text.plist.xml; path = Info.plist; sourceTree = "<group>"; };
		4A50172924D0CF8E00CCB9A7 /* WeatherForecastUITests.xctest */ = {isa = PBXFileReference; explicitFileType = wrapper.cfbundle; includeInIndex = 0; path = WeatherForecastUITests.xctest; sourceTree = BUILT_PRODUCTS_DIR; };
		4A50172D24D0CF8E00CCB9A7 /* WeatherForecastUITests.swift */ = {isa = PBXFileReference; lastKnownFileType = sourcecode.swift; path = WeatherForecastUITests.swift; sourceTree = "<group>"; };
		4A50172F24D0CF8E00CCB9A7 /* Info.plist */ = {isa = PBXFileReference; lastKnownFileType = text.plist.xml; path = Info.plist; sourceTree = "<group>"; };
		4A50182A24D59A2D00CCB9A7 /* OWWeatherData.swift */ = {isa = PBXFileReference; fileEncoding = 4; lastKnownFileType = sourcecode.swift; path = OWWeatherData.swift; sourceTree = "<group>"; };
		4A50182D24D59A6E00CCB9A7 /* miyazaki.json */ = {isa = PBXFileReference; fileEncoding = 4; lastKnownFileType = text.json; path = miyazaki.json; sourceTree = "<group>"; };
		4A50182F24D59A7700CCB9A7 /* OWWeatherDataDecodeTests.swift */ = {isa = PBXFileReference; fileEncoding = 4; lastKnownFileType = sourcecode.swift; path = OWWeatherDataDecodeTests.swift; sourceTree = "<group>"; };
		4A50183424D59D1400CCB9A7 /* DailyForecastRowView.swift */ = {isa = PBXFileReference; lastKnownFileType = sourcecode.swift; path = DailyForecastRowView.swift; sourceTree = "<group>"; };
		4A50183624D5A0AB00CCB9A7 /* OWWeatherDataSample.swift */ = {isa = PBXFileReference; lastKnownFileType = sourcecode.swift; path = OWWeatherDataSample.swift; sourceTree = "<group>"; };
		4A50183A24D6457D00CCB9A7 /* DailyForecastListView.swift */ = {isa = PBXFileReference; lastKnownFileType = sourcecode.swift; path = DailyForecastListView.swift; sourceTree = "<group>"; };
		4A50183C24D6503000CCB9A7 /* DailyForecastDetailView.swift */ = {isa = PBXFileReference; lastKnownFileType = sourcecode.swift; path = DailyForecastDetailView.swift; sourceTree = "<group>"; };
		4A50183E24D6525700CCB9A7 /* DailyForecastDetailBodyView.swift */ = {isa = PBXFileReference; lastKnownFileType = sourcecode.swift; path = DailyForecastDetailBodyView.swift; sourceTree = "<group>"; };
		4A50184924D655D000CCB9A7 /* ja */ = {isa = PBXFileReference; lastKnownFileType = text.plist.strings; name = ja; path = ja.lproj/LaunchScreen.strings; sourceTree = "<group>"; };
/* End PBXFileReference section */

/* Begin PBXFrameworksBuildPhase section */
		4A50170524D0CF8C00CCB9A7 /* Frameworks */ = {
			isa = PBXFrameworksBuildPhase;
			buildActionMask = 2147483647;
			files = (
			);
			runOnlyForDeploymentPostprocessing = 0;
		};
		4A50171B24D0CF8E00CCB9A7 /* Frameworks */ = {
			isa = PBXFrameworksBuildPhase;
			buildActionMask = 2147483647;
			files = (
			);
			runOnlyForDeploymentPostprocessing = 0;
		};
		4A50172624D0CF8E00CCB9A7 /* Frameworks */ = {
			isa = PBXFrameworksBuildPhase;
			buildActionMask = 2147483647;
			files = (
			);
			runOnlyForDeploymentPostprocessing = 0;
		};
/* End PBXFrameworksBuildPhase section */

/* Begin PBXGroup section */
		4A5016FF24D0CF8C00CCB9A7 = {
			isa = PBXGroup;
			children = (
				4A50170A24D0CF8C00CCB9A7 /* WeatherForecast */,
				4A50172124D0CF8E00CCB9A7 /* WeatherForecastTests */,
				4A50172C24D0CF8E00CCB9A7 /* WeatherForecastUITests */,
				4A50170924D0CF8C00CCB9A7 /* Products */,
			);
			sourceTree = "<group>";
		};
		4A50170924D0CF8C00CCB9A7 /* Products */ = {
			isa = PBXGroup;
			children = (
				4A50170824D0CF8C00CCB9A7 /* WeatherForecast.app */,
				4A50171E24D0CF8E00CCB9A7 /* WeatherForecastTests.xctest */,
				4A50172924D0CF8E00CCB9A7 /* WeatherForecastUITests.xctest */,
			);
			name = Products;
			sourceTree = "<group>";
		};
		4A50170A24D0CF8C00CCB9A7 /* WeatherForecast */ = {
			isa = PBXGroup;
			children = (
				4A35B2CC24D6AAC300959A4D /* Localizable.strings */,
				4A50183324D59CDA00CCB9A7 /* View */,
				4A50182924D59A0600CCB9A7 /* Data */,
				4A50170B24D0CF8C00CCB9A7 /* AppDelegate.swift */,
				4A50170D24D0CF8C00CCB9A7 /* SceneDelegate.swift */,
				4A50170F24D0CF8C00CCB9A7 /* ContentView.swift */,
				4A50171124D0CF8E00CCB9A7 /* Assets.xcassets */,
				4A50171624D0CF8E00CCB9A7 /* LaunchScreen.storyboard */,
				4A50171924D0CF8E00CCB9A7 /* Info.plist */,
				4A50171324D0CF8E00CCB9A7 /* Preview Content */,
			);
			path = WeatherForecast;
			sourceTree = "<group>";
		};
		4A50171324D0CF8E00CCB9A7 /* Preview Content */ = {
			isa = PBXGroup;
			children = (
				4A50171424D0CF8E00CCB9A7 /* Preview Assets.xcassets */,
			);
			path = "Preview Content";
			sourceTree = "<group>";
		};
		4A50172124D0CF8E00CCB9A7 /* WeatherForecastTests */ = {
			isa = PBXGroup;
			children = (
				4A50172224D0CF8E00CCB9A7 /* WeatherForecastTests.swift */,
				4A50182F24D59A7700CCB9A7 /* OWWeatherDataDecodeTests.swift */,
				4A50172424D0CF8E00CCB9A7 /* Info.plist */,
			);
			path = WeatherForecastTests;
			sourceTree = "<group>";
		};
		4A50172C24D0CF8E00CCB9A7 /* WeatherForecastUITests */ = {
			isa = PBXGroup;
			children = (
				4A50172D24D0CF8E00CCB9A7 /* WeatherForecastUITests.swift */,
				4A50172F24D0CF8E00CCB9A7 /* Info.plist */,
			);
			path = WeatherForecastUITests;
			sourceTree = "<group>";
		};
		4A50182924D59A0600CCB9A7 /* Data */ = {
			isa = PBXGroup;
			children = (
				4A50182A24D59A2D00CCB9A7 /* OWWeatherData.swift */,
				4A35B2D024DA142600959A4D /* OWWeatherDataUtils.swift */,
				4A50183624D5A0AB00CCB9A7 /* OWWeatherDataSample.swift */,
				4A50182D24D59A6E00CCB9A7 /* miyazaki.json */,
			);
			path = Data;
			sourceTree = "<group>";
		};
		4A50183324D59CDA00CCB9A7 /* View */ = {
			isa = PBXGroup;
			children = (
				4A35B2CE24D8C09D00959A4D /* DailyForecastRootView.swift */,
				4A35B2D224DB656400959A4D /* DailyForecastRootViewDelegate.swift */,
				4A50183A24D6457D00CCB9A7 /* DailyForecastListView.swift */,
				4A2FBDE224DEF020008C666B /* DailyForecastMiscellaneousViews.swift */,
				4A50183424D59D1400CCB9A7 /* DailyForecastRowView.swift */,
				4A50183C24D6503000CCB9A7 /* DailyForecastDetailView.swift */,
				4A50183E24D6525700CCB9A7 /* DailyForecastDetailBodyView.swift */,
				4A2FBDE424DFD195008C666B /* OWWeatherConditionIcon.swift */,
			);
			path = View;
			sourceTree = "<group>";
		};
/* End PBXGroup section */

/* Begin PBXNativeTarget section */
		4A50170724D0CF8C00CCB9A7 /* WeatherForecast */ = {
			isa = PBXNativeTarget;
			buildConfigurationList = 4A50173224D0CF8E00CCB9A7 /* Build configuration list for PBXNativeTarget "WeatherForecast" */;
			buildPhases = (
				4A50170424D0CF8C00CCB9A7 /* Sources */,
				4A50170524D0CF8C00CCB9A7 /* Frameworks */,
				4A50170624D0CF8C00CCB9A7 /* Resources */,
			);
			buildRules = (
			);
			dependencies = (
			);
			name = WeatherForecast;
			productName = WeatherForecast;
			productReference = 4A50170824D0CF8C00CCB9A7 /* WeatherForecast.app */;
			productType = "com.apple.product-type.application";
		};
		4A50171D24D0CF8E00CCB9A7 /* WeatherForecastTests */ = {
			isa = PBXNativeTarget;
			buildConfigurationList = 4A50173524D0CF8E00CCB9A7 /* Build configuration list for PBXNativeTarget "WeatherForecastTests" */;
			buildPhases = (
				4A50171A24D0CF8E00CCB9A7 /* Sources */,
				4A50171B24D0CF8E00CCB9A7 /* Frameworks */,
				4A50171C24D0CF8E00CCB9A7 /* Resources */,
			);
			buildRules = (
			);
			dependencies = (
				4A50172024D0CF8E00CCB9A7 /* PBXTargetDependency */,
			);
			name = WeatherForecastTests;
			productName = WeatherForecastTests;
			productReference = 4A50171E24D0CF8E00CCB9A7 /* WeatherForecastTests.xctest */;
			productType = "com.apple.product-type.bundle.unit-test";
		};
		4A50172824D0CF8E00CCB9A7 /* WeatherForecastUITests */ = {
			isa = PBXNativeTarget;
			buildConfigurationList = 4A50173824D0CF8E00CCB9A7 /* Build configuration list for PBXNativeTarget "WeatherForecastUITests" */;
			buildPhases = (
				4A50172524D0CF8E00CCB9A7 /* Sources */,
				4A50172624D0CF8E00CCB9A7 /* Frameworks */,
				4A50172724D0CF8E00CCB9A7 /* Resources */,
			);
			buildRules = (
			);
			dependencies = (
				4A50172B24D0CF8E00CCB9A7 /* PBXTargetDependency */,
			);
			name = WeatherForecastUITests;
			productName = WeatherForecastUITests;
			productReference = 4A50172924D0CF8E00CCB9A7 /* WeatherForecastUITests.xctest */;
			productType = "com.apple.product-type.bundle.ui-testing";
		};
/* End PBXNativeTarget section */

/* Begin PBXProject section */
		4A50170024D0CF8C00CCB9A7 /* Project object */ = {
			isa = PBXProject;
			attributes = {
				LastSwiftUpdateCheck = 1160;
				LastUpgradeCheck = 1160;
				ORGANIZATIONNAME = "Kuniie Hayato";
				TargetAttributes = {
					4A50170724D0CF8C00CCB9A7 = {
						CreatedOnToolsVersion = 11.6;
					};
					4A50171D24D0CF8E00CCB9A7 = {
						CreatedOnToolsVersion = 11.6;
						TestTargetID = 4A50170724D0CF8C00CCB9A7;
					};
					4A50172824D0CF8E00CCB9A7 = {
						CreatedOnToolsVersion = 11.6;
						TestTargetID = 4A50170724D0CF8C00CCB9A7;
					};
				};
			};
			buildConfigurationList = 4A50170324D0CF8C00CCB9A7 /* Build configuration list for PBXProject "WeatherForecast" */;
			compatibilityVersion = "Xcode 9.3";
			developmentRegion = en;
			hasScannedForEncodings = 0;
			knownRegions = (
				en,
				Base,
				ja,
			);
			mainGroup = 4A5016FF24D0CF8C00CCB9A7;
			productRefGroup = 4A50170924D0CF8C00CCB9A7 /* Products */;
			projectDirPath = "";
			projectRoot = "";
			targets = (
				4A50170724D0CF8C00CCB9A7 /* WeatherForecast */,
				4A50171D24D0CF8E00CCB9A7 /* WeatherForecastTests */,
				4A50172824D0CF8E00CCB9A7 /* WeatherForecastUITests */,
			);
		};
/* End PBXProject section */

/* Begin PBXResourcesBuildPhase section */
		4A50170624D0CF8C00CCB9A7 /* Resources */ = {
			isa = PBXResourcesBuildPhase;
			buildActionMask = 2147483647;
			files = (
				4A35B2C824D6AAC300959A4D /* Localizable.strings in Resources */,
				4AF7794724E11E7E00A7057B /* miyazaki.json in Resources */,
				4A50171824D0CF8E00CCB9A7 /* LaunchScreen.storyboard in Resources */,
				4A50171524D0CF8E00CCB9A7 /* Preview Assets.xcassets in Resources */,
				4A50171224D0CF8E00CCB9A7 /* Assets.xcassets in Resources */,
			);
			runOnlyForDeploymentPostprocessing = 0;
		};
		4A50171C24D0CF8E00CCB9A7 /* Resources */ = {
			isa = PBXResourcesBuildPhase;
			buildActionMask = 2147483647;
			files = (
				4A50182E24D59A6E00CCB9A7 /* miyazaki.json in Resources */,
				4A35B2C924D6AAC300959A4D /* Localizable.strings in Resources */,
			);
			runOnlyForDeploymentPostprocessing = 0;
		};
		4A50172724D0CF8E00CCB9A7 /* Resources */ = {
			isa = PBXResourcesBuildPhase;
			buildActionMask = 2147483647;
			files = (
				4A35B2CA24D6AAC300959A4D /* Localizable.strings in Resources */,
			);
			runOnlyForDeploymentPostprocessing = 0;
		};
/* End PBXResourcesBuildPhase section */

/* Begin PBXSourcesBuildPhase section */
		4A50170424D0CF8C00CCB9A7 /* Sources */ = {
			isa = PBXSourcesBuildPhase;
			buildActionMask = 2147483647;
			files = (
				4A50183724D5A0AB00CCB9A7 /* OWWeatherDataSample.swift in Sources */,
				4A50183D24D6503000CCB9A7 /* DailyForecastDetailView.swift in Sources */,
				4A35B2CF24D8C09D00959A4D /* DailyForecastRootView.swift in Sources */,
				4A35B2D324DB656400959A4D /* DailyForecastRootViewDelegate.swift in Sources */,
				4A50170C24D0CF8C00CCB9A7 /* AppDelegate.swift in Sources */,
				4A50170E24D0CF8C00CCB9A7 /* SceneDelegate.swift in Sources */,
				4A50183524D59D1400CCB9A7 /* DailyForecastRowView.swift in Sources */,
				4A35B2D124DA142600959A4D /* OWWeatherDataUtils.swift in Sources */,
				4A50183F24D6525700CCB9A7 /* DailyForecastDetailBodyView.swift in Sources */,
				4A50182B24D59A2D00CCB9A7 /* OWWeatherData.swift in Sources */,
				4A50171024D0CF8C00CCB9A7 /* ContentView.swift in Sources */,
				4A2FBDE524DFD195008C666B /* OWWeatherConditionIcon.swift in Sources */,
				4A2FBDE324DEF020008C666B /* DailyForecastMiscellaneousViews.swift in Sources */,
				4A50183B24D6457D00CCB9A7 /* DailyForecastListView.swift in Sources */,
			);
			runOnlyForDeploymentPostprocessing = 0;
		};
		4A50171A24D0CF8E00CCB9A7 /* Sources */ = {
			isa = PBXSourcesBuildPhase;
			buildActionMask = 2147483647;
			files = (
				4A50183124D59AA400CCB9A7 /* OWWeatherData.swift in Sources */,
				4A50183024D59A7700CCB9A7 /* OWWeatherDataDecodeTests.swift in Sources */,
				4A50172324D0CF8E00CCB9A7 /* WeatherForecastTests.swift in Sources */,
			);
			runOnlyForDeploymentPostprocessing = 0;
		};
		4A50172524D0CF8E00CCB9A7 /* Sources */ = {
			isa = PBXSourcesBuildPhase;
			buildActionMask = 2147483647;
			files = (
				4A50172E24D0CF8E00CCB9A7 /* WeatherForecastUITests.swift in Sources */,
			);
			runOnlyForDeploymentPostprocessing = 0;
		};
/* End PBXSourcesBuildPhase section */

/* Begin PBXTargetDependency section */
		4A50172024D0CF8E00CCB9A7 /* PBXTargetDependency */ = {
			isa = PBXTargetDependency;
			target = 4A50170724D0CF8C00CCB9A7 /* WeatherForecast */;
			targetProxy = 4A50171F24D0CF8E00CCB9A7 /* PBXContainerItemProxy */;
		};
		4A50172B24D0CF8E00CCB9A7 /* PBXTargetDependency */ = {
			isa = PBXTargetDependency;
			target = 4A50170724D0CF8C00CCB9A7 /* WeatherForecast */;
			targetProxy = 4A50172A24D0CF8E00CCB9A7 /* PBXContainerItemProxy */;
		};
/* End PBXTargetDependency section */

/* Begin PBXVariantGroup section */
		4A35B2CC24D6AAC300959A4D /* Localizable.strings */ = {
			isa = PBXVariantGroup;
			children = (
				4A35B2CB24D6AAC300959A4D /* ja */,
				4A35B2CD24D6AAC900959A4D /* en */,
			);
			name = Localizable.strings;
			sourceTree = "<group>";
		};
		4A50171624D0CF8E00CCB9A7 /* LaunchScreen.storyboard */ = {
			isa = PBXVariantGroup;
			children = (
				4A50171724D0CF8E00CCB9A7 /* Base */,
				4A50184924D655D000CCB9A7 /* ja */,
			);
			name = LaunchScreen.storyboard;
			sourceTree = "<group>";
		};
/* End PBXVariantGroup section */

/* Begin XCBuildConfiguration section */
		4A50173024D0CF8E00CCB9A7 /* Debug */ = {
			isa = XCBuildConfiguration;
			buildSettings = {
				ALWAYS_SEARCH_USER_PATHS = NO;
				CLANG_ANALYZER_LOCALIZABILITY_NONLOCALIZED = YES;
				CLANG_ANALYZER_NONNULL = YES;
				CLANG_ANALYZER_NUMBER_OBJECT_CONVERSION = YES_AGGRESSIVE;
				CLANG_CXX_LANGUAGE_STANDARD = "gnu++14";
				CLANG_CXX_LIBRARY = "libc++";
				CLANG_ENABLE_MODULES = YES;
				CLANG_ENABLE_OBJC_ARC = YES;
				CLANG_ENABLE_OBJC_WEAK = YES;
				CLANG_WARN_BLOCK_CAPTURE_AUTORELEASING = YES;
				CLANG_WARN_BOOL_CONVERSION = YES;
				CLANG_WARN_COMMA = YES;
				CLANG_WARN_CONSTANT_CONVERSION = YES;
				CLANG_WARN_DEPRECATED_OBJC_IMPLEMENTATIONS = YES;
				CLANG_WARN_DIRECT_OBJC_ISA_USAGE = YES_ERROR;
				CLANG_WARN_DOCUMENTATION_COMMENTS = YES;
				CLANG_WARN_EMPTY_BODY = YES;
				CLANG_WARN_ENUM_CONVERSION = YES;
				CLANG_WARN_INFINITE_RECURSION = YES;
				CLANG_WARN_INT_CONVERSION = YES;
				CLANG_WARN_NON_LITERAL_NULL_CONVERSION = YES;
				CLANG_WARN_OBJC_IMPLICIT_RETAIN_SELF = YES;
				CLANG_WARN_OBJC_LITERAL_CONVERSION = YES;
				CLANG_WARN_OBJC_ROOT_CLASS = YES_ERROR;
				CLANG_WARN_RANGE_LOOP_ANALYSIS = YES;
				CLANG_WARN_STRICT_PROTOTYPES = YES;
				CLANG_WARN_SUSPICIOUS_MOVE = YES;
				CLANG_WARN_UNGUARDED_AVAILABILITY = YES_AGGRESSIVE;
				CLANG_WARN_UNREACHABLE_CODE = YES;
				CLANG_WARN__DUPLICATE_METHOD_MATCH = YES;
				COPY_PHASE_STRIP = NO;
				DEBUG_INFORMATION_FORMAT = dwarf;
				ENABLE_STRICT_OBJC_MSGSEND = YES;
				ENABLE_TESTABILITY = YES;
				GCC_C_LANGUAGE_STANDARD = gnu11;
				GCC_DYNAMIC_NO_PIC = NO;
				GCC_NO_COMMON_BLOCKS = YES;
				GCC_OPTIMIZATION_LEVEL = 0;
				GCC_PREPROCESSOR_DEFINITIONS = (
					"DEBUG=1",
					"$(inherited)",
				);
				GCC_WARN_64_TO_32_BIT_CONVERSION = YES;
				GCC_WARN_ABOUT_RETURN_TYPE = YES_ERROR;
				GCC_WARN_UNDECLARED_SELECTOR = YES;
				GCC_WARN_UNINITIALIZED_AUTOS = YES_AGGRESSIVE;
				GCC_WARN_UNUSED_FUNCTION = YES;
				GCC_WARN_UNUSED_VARIABLE = YES;
				IPHONEOS_DEPLOYMENT_TARGET = 13.6;
				MTL_ENABLE_DEBUG_INFO = INCLUDE_SOURCE;
				MTL_FAST_MATH = YES;
				ONLY_ACTIVE_ARCH = YES;
				SDKROOT = iphoneos;
				SWIFT_ACTIVE_COMPILATION_CONDITIONS = DEBUG;
				SWIFT_OPTIMIZATION_LEVEL = "-Onone";
			};
			name = Debug;
		};
		4A50173124D0CF8E00CCB9A7 /* Release */ = {
			isa = XCBuildConfiguration;
			buildSettings = {
				ALWAYS_SEARCH_USER_PATHS = NO;
				CLANG_ANALYZER_LOCALIZABILITY_NONLOCALIZED = YES;
				CLANG_ANALYZER_NONNULL = YES;
				CLANG_ANALYZER_NUMBER_OBJECT_CONVERSION = YES_AGGRESSIVE;
				CLANG_CXX_LANGUAGE_STANDARD = "gnu++14";
				CLANG_CXX_LIBRARY = "libc++";
				CLANG_ENABLE_MODULES = YES;
				CLANG_ENABLE_OBJC_ARC = YES;
				CLANG_ENABLE_OBJC_WEAK = YES;
				CLANG_WARN_BLOCK_CAPTURE_AUTORELEASING = YES;
				CLANG_WARN_BOOL_CONVERSION = YES;
				CLANG_WARN_COMMA = YES;
				CLANG_WARN_CONSTANT_CONVERSION = YES;
				CLANG_WARN_DEPRECATED_OBJC_IMPLEMENTATIONS = YES;
				CLANG_WARN_DIRECT_OBJC_ISA_USAGE = YES_ERROR;
				CLANG_WARN_DOCUMENTATION_COMMENTS = YES;
				CLANG_WARN_EMPTY_BODY = YES;
				CLANG_WARN_ENUM_CONVERSION = YES;
				CLANG_WARN_INFINITE_RECURSION = YES;
				CLANG_WARN_INT_CONVERSION = YES;
				CLANG_WARN_NON_LITERAL_NULL_CONVERSION = YES;
				CLANG_WARN_OBJC_IMPLICIT_RETAIN_SELF = YES;
				CLANG_WARN_OBJC_LITERAL_CONVERSION = YES;
				CLANG_WARN_OBJC_ROOT_CLASS = YES_ERROR;
				CLANG_WARN_RANGE_LOOP_ANALYSIS = YES;
				CLANG_WARN_STRICT_PROTOTYPES = YES;
				CLANG_WARN_SUSPICIOUS_MOVE = YES;
				CLANG_WARN_UNGUARDED_AVAILABILITY = YES_AGGRESSIVE;
				CLANG_WARN_UNREACHABLE_CODE = YES;
				CLANG_WARN__DUPLICATE_METHOD_MATCH = YES;
				COPY_PHASE_STRIP = NO;
				DEBUG_INFORMATION_FORMAT = "dwarf-with-dsym";
				ENABLE_NS_ASSERTIONS = NO;
				ENABLE_STRICT_OBJC_MSGSEND = YES;
				GCC_C_LANGUAGE_STANDARD = gnu11;
				GCC_NO_COMMON_BLOCKS = YES;
				GCC_WARN_64_TO_32_BIT_CONVERSION = YES;
				GCC_WARN_ABOUT_RETURN_TYPE = YES_ERROR;
				GCC_WARN_UNDECLARED_SELECTOR = YES;
				GCC_WARN_UNINITIALIZED_AUTOS = YES_AGGRESSIVE;
				GCC_WARN_UNUSED_FUNCTION = YES;
				GCC_WARN_UNUSED_VARIABLE = YES;
				IPHONEOS_DEPLOYMENT_TARGET = 13.6;
				MTL_ENABLE_DEBUG_INFO = NO;
				MTL_FAST_MATH = YES;
				SDKROOT = iphoneos;
				SWIFT_ACTIVE_COMPILATION_CONDITIONS = "";
				SWIFT_COMPILATION_MODE = wholemodule;
				SWIFT_OPTIMIZATION_LEVEL = "-O";
				VALIDATE_PRODUCT = YES;
			};
			name = Release;
		};
		4A50173324D0CF8E00CCB9A7 /* Debug */ = {
			isa = XCBuildConfiguration;
			buildSettings = {
				ASSETCATALOG_COMPILER_APPICON_NAME = AppIcon;
				CODE_SIGN_STYLE = Automatic;
				DEVELOPMENT_ASSET_PATHS = "\"WeatherForecast/Preview Content\"";
				DEVELOPMENT_TEAM = GDLU9GGNEC;
				ENABLE_PREVIEWS = YES;
				INFOPLIST_FILE = WeatherForecast/Info.plist;
				LD_RUNPATH_SEARCH_PATHS = (
					"$(inherited)",
					"@executable_path/Frameworks",
				);
				PRODUCT_BUNDLE_IDENTIFIER = KH.WeatherForecast;
				PRODUCT_NAME = "$(TARGET_NAME)";
				SWIFT_VERSION = 5.0;
				TARGETED_DEVICE_FAMILY = "1,2";
			};
			name = Debug;
		};
		4A50173424D0CF8E00CCB9A7 /* Release */ = {
			isa = XCBuildConfiguration;
			buildSettings = {
				ASSETCATALOG_COMPILER_APPICON_NAME = AppIcon;
				CODE_SIGN_STYLE = Automatic;
				DEVELOPMENT_ASSET_PATHS = "\"WeatherForecast/Preview Content\"";
				DEVELOPMENT_TEAM = GDLU9GGNEC;
				ENABLE_PREVIEWS = YES;
				INFOPLIST_FILE = WeatherForecast/Info.plist;
				LD_RUNPATH_SEARCH_PATHS = (
					"$(inherited)",
					"@executable_path/Frameworks",
				);
				PRODUCT_BUNDLE_IDENTIFIER = KH.WeatherForecast;
				PRODUCT_NAME = "$(TARGET_NAME)";
				SWIFT_VERSION = 5.0;
				TARGETED_DEVICE_FAMILY = "1,2";
			};
			name = Release;
		};
		4A50173624D0CF8E00CCB9A7 /* Debug */ = {
			isa = XCBuildConfiguration;
			buildSettings = {
				ALWAYS_EMBED_SWIFT_STANDARD_LIBRARIES = YES;
				BUNDLE_LOADER = "$(TEST_HOST)";
				CODE_SIGN_STYLE = Automatic;
				DEVELOPMENT_TEAM = GDLU9GGNEC;
				INFOPLIST_FILE = WeatherForecastTests/Info.plist;
				IPHONEOS_DEPLOYMENT_TARGET = 13.6;
				LD_RUNPATH_SEARCH_PATHS = (
					"$(inherited)",
					"@executable_path/Frameworks",
					"@loader_path/Frameworks",
				);
				PRODUCT_BUNDLE_IDENTIFIER = KH.WeatherForecastTests;
				PRODUCT_NAME = "$(TARGET_NAME)";
				SWIFT_VERSION = 5.0;
				TARGETED_DEVICE_FAMILY = "1,2";
				TEST_HOST = "$(BUILT_PRODUCTS_DIR)/WeatherForecast.app/WeatherForecast";
			};
			name = Debug;
		};
		4A50173724D0CF8E00CCB9A7 /* Release */ = {
			isa = XCBuildConfiguration;
			buildSettings = {
				ALWAYS_EMBED_SWIFT_STANDARD_LIBRARIES = YES;
				BUNDLE_LOADER = "$(TEST_HOST)";
				CODE_SIGN_STYLE = Automatic;
				DEVELOPMENT_TEAM = GDLU9GGNEC;
				INFOPLIST_FILE = WeatherForecastTests/Info.plist;
				IPHONEOS_DEPLOYMENT_TARGET = 13.6;
				LD_RUNPATH_SEARCH_PATHS = (
					"$(inherited)",
					"@executable_path/Frameworks",
					"@loader_path/Frameworks",
				);
				PRODUCT_BUNDLE_IDENTIFIER = KH.WeatherForecastTests;
				PRODUCT_NAME = "$(TARGET_NAME)";
				SWIFT_VERSION = 5.0;
				TARGETED_DEVICE_FAMILY = "1,2";
				TEST_HOST = "$(BUILT_PRODUCTS_DIR)/WeatherForecast.app/WeatherForecast";
			};
			name = Release;
		};
		4A50173924D0CF8E00CCB9A7 /* Debug */ = {
			isa = XCBuildConfiguration;
			buildSettings = {
				ALWAYS_EMBED_SWIFT_STANDARD_LIBRARIES = YES;
				CODE_SIGN_STYLE = Automatic;
				DEVELOPMENT_TEAM = GDLU9GGNEC;
				INFOPLIST_FILE = WeatherForecastUITests/Info.plist;
				LD_RUNPATH_SEARCH_PATHS = (
					"$(inherited)",
					"@executable_path/Frameworks",
					"@loader_path/Frameworks",
				);
				PRODUCT_BUNDLE_IDENTIFIER = KH.WeatherForecastUITests;
				PRODUCT_NAME = "$(TARGET_NAME)";
				SWIFT_VERSION = 5.0;
				TARGETED_DEVICE_FAMILY = "1,2";
				TEST_TARGET_NAME = WeatherForecast;
			};
			name = Debug;
		};
		4A50173A24D0CF8E00CCB9A7 /* Release */ = {
			isa = XCBuildConfiguration;
			buildSettings = {
				ALWAYS_EMBED_SWIFT_STANDARD_LIBRARIES = YES;
				CODE_SIGN_STYLE = Automatic;
				DEVELOPMENT_TEAM = GDLU9GGNEC;
				INFOPLIST_FILE = WeatherForecastUITests/Info.plist;
				LD_RUNPATH_SEARCH_PATHS = (
					"$(inherited)",
					"@executable_path/Frameworks",
					"@loader_path/Frameworks",
				);
				PRODUCT_BUNDLE_IDENTIFIER = KH.WeatherForecastUITests;
				PRODUCT_NAME = "$(TARGET_NAME)";
				SWIFT_VERSION = 5.0;
				TARGETED_DEVICE_FAMILY = "1,2";
				TEST_TARGET_NAME = WeatherForecast;
			};
			name = Release;
		};
/* End XCBuildConfiguration section */

/* Begin XCConfigurationList section */
		4A50170324D0CF8C00CCB9A7 /* Build configuration list for PBXProject "WeatherForecast" */ = {
			isa = XCConfigurationList;
			buildConfigurations = (
				4A50173024D0CF8E00CCB9A7 /* Debug */,
				4A50173124D0CF8E00CCB9A7 /* Release */,
			);
			defaultConfigurationIsVisible = 0;
			defaultConfigurationName = Release;
		};
		4A50173224D0CF8E00CCB9A7 /* Build configuration list for PBXNativeTarget "WeatherForecast" */ = {
			isa = XCConfigurationList;
			buildConfigurations = (
				4A50173324D0CF8E00CCB9A7 /* Debug */,
				4A50173424D0CF8E00CCB9A7 /* Release */,
			);
			defaultConfigurationIsVisible = 0;
			defaultConfigurationName = Release;
		};
		4A50173524D0CF8E00CCB9A7 /* Build configuration list for PBXNativeTarget "WeatherForecastTests" */ = {
			isa = XCConfigurationList;
			buildConfigurations = (
				4A50173624D0CF8E00CCB9A7 /* Debug */,
				4A50173724D0CF8E00CCB9A7 /* Release */,
			);
			defaultConfigurationIsVisible = 0;
			defaultConfigurationName = Release;
		};
		4A50173824D0CF8E00CCB9A7 /* Build configuration list for PBXNativeTarget "WeatherForecastUITests" */ = {
			isa = XCConfigurationList;
			buildConfigurations = (
				4A50173924D0CF8E00CCB9A7 /* Debug */,
				4A50173A24D0CF8E00CCB9A7 /* Release */,
			);
			defaultConfigurationIsVisible = 0;
			defaultConfigurationName = Release;
		};
/* End XCConfigurationList section */
	};
	rootObject = 4A50170024D0CF8C00CCB9A7 /* Project object */;
}
